// !$*UTF8*$!
{
	archiveVersion = 1;
	classes = {
	};
	objectVersion = 46;
	objects = {

/* Begin PBXBuildFile section */
		2F2F83CD1C5928C60033D79A /* Meme.swift in Sources */ = {isa = PBXBuildFile; fileRef = 2F2F83CC1C5928C60033D79A /* Meme.swift */; };
		2F2F83CF1C5929600033D79A /* MemeEditorViewController.swift in Sources */ = {isa = PBXBuildFile; fileRef = 2F2F83CE1C5929600033D79A /* MemeEditorViewController.swift */; };
		2F7C1D4E1C5BFE2C00422E4D /* MemeTableViewCell.swift in Sources */ = {isa = PBXBuildFile; fileRef = 2F7C1D4D1C5BFE2C00422E4D /* MemeTableViewCell.swift */; };
		2F7C1D501C5BFE8200422E4D /* MemeDetailViewController.swift in Sources */ = {isa = PBXBuildFile; fileRef = 2F7C1D4F1C5BFE8200422E4D /* MemeDetailViewController.swift */; };
		2F7C1D521C5BFEC500422E4D /* MemeManager.swift in Sources */ = {isa = PBXBuildFile; fileRef = 2F7C1D511C5BFEC500422E4D /* MemeManager.swift */; };
		2F7C1D541C5C071600422E4D /* MemeCollectionViewController.swift in Sources */ = {isa = PBXBuildFile; fileRef = 2F7C1D531C5C071600422E4D /* MemeCollectionViewController.swift */; };
		2FC07FCD1C5507B800BED94C /* AppDelegate.swift in Sources */ = {isa = PBXBuildFile; fileRef = 2FC07FCC1C5507B800BED94C /* AppDelegate.swift */; };
		2FC07FD41C5507B800BED94C /* Main.storyboard in Resources */ = {isa = PBXBuildFile; fileRef = 2FC07FD21C5507B800BED94C /* Main.storyboard */; };
		2FC07FD61C5507B900BED94C /* Assets.xcassets in Resources */ = {isa = PBXBuildFile; fileRef = 2FC07FD51C5507B900BED94C /* Assets.xcassets */; };
		2FC07FD91C5507B900BED94C /* LaunchScreen.storyboard in Resources */ = {isa = PBXBuildFile; fileRef = 2FC07FD71C5507B900BED94C /* LaunchScreen.storyboard */; };
		2FC07FE41C5507B900BED94C /* MemeTests.swift in Sources */ = {isa = PBXBuildFile; fileRef = 2FC07FE31C5507B900BED94C /* MemeTests.swift */; };
		2FC07FEF1C5507B900BED94C /* MemeUITests.swift in Sources */ = {isa = PBXBuildFile; fileRef = 2FC07FEE1C5507B900BED94C /* MemeUITests.swift */; };
		2FC080031C550B0F00BED94C /* MemeTableViewController.swift in Sources */ = {isa = PBXBuildFile; fileRef = 2FC080021C550B0F00BED94C /* MemeTableViewController.swift */; };
		2FC080051C550D9500BED94C /* MemeCollectionViewCell.swift in Sources */ = {isa = PBXBuildFile; fileRef = 2FC080041C550D9500BED94C /* MemeCollectionViewCell.swift */; };
		C0FB6BC9092BB1BD18B8DC80 /* Pods_Meme_MemeUITests.framework in Frameworks */ = {isa = PBXBuildFile; fileRef = 21BF332D80BAE5D8EA505750 /* Pods_Meme_MemeUITests.framework */; };
		E6C332517EC7F9CB9A9FEFCC /* Pods_Meme.framework in Frameworks */ = {isa = PBXBuildFile; fileRef = 974F63D6771D77464C62A743 /* Pods_Meme.framework */; };
		FD98AC16F3E7E913B654F333 /* Pods_MemeTests.framework in Frameworks */ = {isa = PBXBuildFile; fileRef = BC1FDE0924DA9ACBED3403CD /* Pods_MemeTests.framework */; };
/* End PBXBuildFile section */

/* Begin PBXContainerItemProxy section */
		2FC07FE01C5507B900BED94C /* PBXContainerItemProxy */ = {
			isa = PBXContainerItemProxy;
			containerPortal = 2FC07FC11C5507B800BED94C /* Project object */;
			proxyType = 1;
			remoteGlobalIDString = 2FC07FC81C5507B800BED94C;
			remoteInfo = Meme;
		};
		2FC07FEB1C5507B900BED94C /* PBXContainerItemProxy */ = {
			isa = PBXContainerItemProxy;
			containerPortal = 2FC07FC11C5507B800BED94C /* Project object */;
			proxyType = 1;
			remoteGlobalIDString = 2FC07FC81C5507B800BED94C;
			remoteInfo = Meme;
		};
/* End PBXContainerItemProxy section */

/* Begin PBXFileReference section */
		21BF332D80BAE5D8EA505750 /* Pods_Meme_MemeUITests.framework */ = {isa = PBXFileReference; explicitFileType = wrapper.framework; includeInIndex = 0; path = Pods_Meme_MemeUITests.framework; sourceTree = BUILT_PRODUCTS_DIR; };
		2F2F83CC1C5928C60033D79A /* Meme.swift */ = {isa = PBXFileReference; fileEncoding = 4; lastKnownFileType = sourcecode.swift; path = Meme.swift; sourceTree = "<group>"; };
		2F2F83CE1C5929600033D79A /* MemeEditorViewController.swift */ = {isa = PBXFileReference; fileEncoding = 4; lastKnownFileType = sourcecode.swift; path = MemeEditorViewController.swift; sourceTree = "<group>"; };
		2F7C1D4D1C5BFE2C00422E4D /* MemeTableViewCell.swift */ = {isa = PBXFileReference; fileEncoding = 4; lastKnownFileType = sourcecode.swift; path = MemeTableViewCell.swift; sourceTree = "<group>"; };
		2F7C1D4F1C5BFE8200422E4D /* MemeDetailViewController.swift */ = {isa = PBXFileReference; fileEncoding = 4; lastKnownFileType = sourcecode.swift; path = MemeDetailViewController.swift; sourceTree = "<group>"; };
		2F7C1D511C5BFEC500422E4D /* MemeManager.swift */ = {isa = PBXFileReference; fileEncoding = 4; lastKnownFileType = sourcecode.swift; path = MemeManager.swift; sourceTree = "<group>"; };
		2F7C1D531C5C071600422E4D /* MemeCollectionViewController.swift */ = {isa = PBXFileReference; fileEncoding = 4; lastKnownFileType = sourcecode.swift; path = MemeCollectionViewController.swift; sourceTree = "<group>"; };
		2FC07FC91C5507B800BED94C /* Meme.app */ = {isa = PBXFileReference; explicitFileType = wrapper.application; includeInIndex = 0; path = Meme.app; sourceTree = BUILT_PRODUCTS_DIR; };
		2FC07FCC1C5507B800BED94C /* AppDelegate.swift */ = {isa = PBXFileReference; lastKnownFileType = sourcecode.swift; path = AppDelegate.swift; sourceTree = "<group>"; };
		2FC07FD31C5507B800BED94C /* Base */ = {isa = PBXFileReference; lastKnownFileType = file.storyboard; name = Base; path = Base.lproj/Main.storyboard; sourceTree = "<group>"; };
		2FC07FD51C5507B900BED94C /* Assets.xcassets */ = {isa = PBXFileReference; lastKnownFileType = folder.assetcatalog; path = Assets.xcassets; sourceTree = "<group>"; };
		2FC07FD81C5507B900BED94C /* Base */ = {isa = PBXFileReference; lastKnownFileType = file.storyboard; name = Base; path = Base.lproj/LaunchScreen.storyboard; sourceTree = "<group>"; };
		2FC07FDA1C5507B900BED94C /* Info.plist */ = {isa = PBXFileReference; lastKnownFileType = text.plist.xml; path = Info.plist; sourceTree = "<group>"; };
		2FC07FDF1C5507B900BED94C /* MemeTests.xctest */ = {isa = PBXFileReference; explicitFileType = wrapper.cfbundle; includeInIndex = 0; path = MemeTests.xctest; sourceTree = BUILT_PRODUCTS_DIR; };
		2FC07FE31C5507B900BED94C /* MemeTests.swift */ = {isa = PBXFileReference; lastKnownFileType = sourcecode.swift; path = MemeTests.swift; sourceTree = "<group>"; };
		2FC07FE51C5507B900BED94C /* Info.plist */ = {isa = PBXFileReference; lastKnownFileType = text.plist.xml; path = Info.plist; sourceTree = "<group>"; };
		2FC07FEA1C5507B900BED94C /* MemeUITests.xctest */ = {isa = PBXFileReference; explicitFileType = wrapper.cfbundle; includeInIndex = 0; path = MemeUITests.xctest; sourceTree = BUILT_PRODUCTS_DIR; };
		2FC07FEE1C5507B900BED94C /* MemeUITests.swift */ = {isa = PBXFileReference; lastKnownFileType = sourcecode.swift; path = MemeUITests.swift; sourceTree = "<group>"; };
		2FC07FF01C5507B900BED94C /* Info.plist */ = {isa = PBXFileReference; lastKnownFileType = text.plist.xml; path = Info.plist; sourceTree = "<group>"; };
		2FC080021C550B0F00BED94C /* MemeTableViewController.swift */ = {isa = PBXFileReference; fileEncoding = 4; lastKnownFileType = sourcecode.swift; path = MemeTableViewController.swift; sourceTree = "<group>"; };
		2FC080041C550D9500BED94C /* MemeCollectionViewCell.swift */ = {isa = PBXFileReference; fileEncoding = 4; lastKnownFileType = sourcecode.swift; path = MemeCollectionViewCell.swift; sourceTree = "<group>"; };
		3C6D92A5F45E077AC35E8C41 /* Pods-MemeTests.debug.xcconfig */ = {isa = PBXFileReference; includeInIndex = 1; lastKnownFileType = text.xcconfig; name = "Pods-MemeTests.debug.xcconfig"; path = "Target Support Files/Pods-MemeTests/Pods-MemeTests.debug.xcconfig"; sourceTree = "<group>"; };
		44EA4601B7FC51B857E589A5 /* Pods-Meme-MemeUITests.debug.xcconfig */ = {isa = PBXFileReference; includeInIndex = 1; lastKnownFileType = text.xcconfig; name = "Pods-Meme-MemeUITests.debug.xcconfig"; path = "Target Support Files/Pods-Meme-MemeUITests/Pods-Meme-MemeUITests.debug.xcconfig"; sourceTree = "<group>"; };
		56877E1E3B36A66ADECCA554 /* Pods-MemeTests.release.xcconfig */ = {isa = PBXFileReference; includeInIndex = 1; lastKnownFileType = text.xcconfig; name = "Pods-MemeTests.release.xcconfig"; path = "Target Support Files/Pods-MemeTests/Pods-MemeTests.release.xcconfig"; sourceTree = "<group>"; };
		58791112526F65340421F4AE /* Pods-Meme-MemeUITests.release.xcconfig */ = {isa = PBXFileReference; includeInIndex = 1; lastKnownFileType = text.xcconfig; name = "Pods-Meme-MemeUITests.release.xcconfig"; path = "Target Support Files/Pods-Meme-MemeUITests/Pods-Meme-MemeUITests.release.xcconfig"; sourceTree = "<group>"; };
		5B3939842C0F1DD499222F5F /* Pods-Meme.release.xcconfig */ = {isa = PBXFileReference; includeInIndex = 1; lastKnownFileType = text.xcconfig; name = "Pods-Meme.release.xcconfig"; path = "Target Support Files/Pods-Meme/Pods-Meme.release.xcconfig"; sourceTree = "<group>"; };
		974F63D6771D77464C62A743 /* Pods_Meme.framework */ = {isa = PBXFileReference; explicitFileType = wrapper.framework; includeInIndex = 0; path = Pods_Meme.framework; sourceTree = BUILT_PRODUCTS_DIR; };
		BC1FDE0924DA9ACBED3403CD /* Pods_MemeTests.framework */ = {isa = PBXFileReference; explicitFileType = wrapper.framework; includeInIndex = 0; path = Pods_MemeTests.framework; sourceTree = BUILT_PRODUCTS_DIR; };
		C6B04949804304E84EF6A406 /* Pods-Meme.debug.xcconfig */ = {isa = PBXFileReference; includeInIndex = 1; lastKnownFileType = text.xcconfig; name = "Pods-Meme.debug.xcconfig"; path = "Target Support Files/Pods-Meme/Pods-Meme.debug.xcconfig"; sourceTree = "<group>"; };
/* End PBXFileReference section */

/* Begin PBXFrameworksBuildPhase section */
		2FC07FC61C5507B800BED94C /* Frameworks */ = {
			isa = PBXFrameworksBuildPhase;
			buildActionMask = 2147483647;
			files = (
				E6C332517EC7F9CB9A9FEFCC /* Pods_Meme.framework in Frameworks */,
			);
			runOnlyForDeploymentPostprocessing = 0;
		};
		2FC07FDC1C5507B900BED94C /* Frameworks */ = {
			isa = PBXFrameworksBuildPhase;
			buildActionMask = 2147483647;
			files = (
				FD98AC16F3E7E913B654F333 /* Pods_MemeTests.framework in Frameworks */,
			);
			runOnlyForDeploymentPostprocessing = 0;
		};
		2FC07FE71C5507B900BED94C /* Frameworks */ = {
			isa = PBXFrameworksBuildPhase;
			buildActionMask = 2147483647;
			files = (
				C0FB6BC9092BB1BD18B8DC80 /* Pods_Meme_MemeUITests.framework in Frameworks */,
			);
			runOnlyForDeploymentPostprocessing = 0;
		};
/* End PBXFrameworksBuildPhase section */

/* Begin PBXGroup section */
		2B8E87E3EA2B9FDB38A5B284 /* Pods */ = {
			isa = PBXGroup;
			children = (
				C6B04949804304E84EF6A406 /* Pods-Meme.debug.xcconfig */,
				5B3939842C0F1DD499222F5F /* Pods-Meme.release.xcconfig */,
				44EA4601B7FC51B857E589A5 /* Pods-Meme-MemeUITests.debug.xcconfig */,
				58791112526F65340421F4AE /* Pods-Meme-MemeUITests.release.xcconfig */,
				3C6D92A5F45E077AC35E8C41 /* Pods-MemeTests.debug.xcconfig */,
				56877E1E3B36A66ADECCA554 /* Pods-MemeTests.release.xcconfig */,
			);
			name = Pods;
			path = Pods;
			sourceTree = "<group>";
		};
		2F7C1D471C5BFAD200422E4D /* Model */ = {
			isa = PBXGroup;
			children = (
				2F2F83CC1C5928C60033D79A /* Meme.swift */,
				2F7C1D511C5BFEC500422E4D /* MemeManager.swift */,
			);
			name = Model;
			sourceTree = "<group>";
		};
		2F7C1D481C5BFDBD00422E4D /* Editor */ = {
			isa = PBXGroup;
			children = (
				2F2F83CE1C5929600033D79A /* MemeEditorViewController.swift */,
			);
			name = Editor;
			sourceTree = "<group>";
		};
		2F7C1D4A1C5BFDDD00422E4D /* TableView */ = {
			isa = PBXGroup;
			children = (
				2FC080021C550B0F00BED94C /* MemeTableViewController.swift */,
				2F7C1D4D1C5BFE2C00422E4D /* MemeTableViewCell.swift */,
			);
			name = TableView;
			sourceTree = "<group>";
		};
		2F7C1D4B1C5BFDE500422E4D /* CollectionView */ = {
			isa = PBXGroup;
			children = (
				2FC080041C550D9500BED94C /* MemeCollectionViewCell.swift */,
				2F7C1D531C5C071600422E4D /* MemeCollectionViewController.swift */,
			);
			name = CollectionView;
			sourceTree = "<group>";
		};
		2F7C1D4C1C5BFDEE00422E4D /* Detail */ = {
			isa = PBXGroup;
			children = (
				2F7C1D4F1C5BFE8200422E4D /* MemeDetailViewController.swift */,
			);
			name = Detail;
			sourceTree = "<group>";
		};
		2FC07FC01C5507B800BED94C = {
			isa = PBXGroup;
			children = (
				2FC07FCB1C5507B800BED94C /* Meme */,
				2FC07FE21C5507B900BED94C /* MemeTests */,
				2FC07FED1C5507B900BED94C /* MemeUITests */,
				2FC07FCA1C5507B800BED94C /* Products */,
				2B8E87E3EA2B9FDB38A5B284 /* Pods */,
				FEAC548A3197D37F70103FC2 /* Frameworks */,
			);
			sourceTree = "<group>";
		};
		2FC07FCA1C5507B800BED94C /* Products */ = {
			isa = PBXGroup;
			children = (
				2FC07FC91C5507B800BED94C /* Meme.app */,
				2FC07FDF1C5507B900BED94C /* MemeTests.xctest */,
				2FC07FEA1C5507B900BED94C /* MemeUITests.xctest */,
			);
			name = Products;
			sourceTree = "<group>";
		};
		2FC07FCB1C5507B800BED94C /* Meme */ = {
			isa = PBXGroup;
			children = (
				2F7C1D4C1C5BFDEE00422E4D /* Detail */,
				2F7C1D4B1C5BFDE500422E4D /* CollectionView */,
				2F7C1D4A1C5BFDDD00422E4D /* TableView */,
				2F7C1D481C5BFDBD00422E4D /* Editor */,
				2F7C1D471C5BFAD200422E4D /* Model */,
				2FC07FCC1C5507B800BED94C /* AppDelegate.swift */,
				2FC07FD21C5507B800BED94C /* Main.storyboard */,
				2FC07FD51C5507B900BED94C /* Assets.xcassets */,
				2FC07FD71C5507B900BED94C /* LaunchScreen.storyboard */,
				2FC07FDA1C5507B900BED94C /* Info.plist */,
			);
			path = Meme;
			sourceTree = "<group>";
		};
		2FC07FE21C5507B900BED94C /* MemeTests */ = {
			isa = PBXGroup;
			children = (
				2FC07FE31C5507B900BED94C /* MemeTests.swift */,
				2FC07FE51C5507B900BED94C /* Info.plist */,
			);
			path = MemeTests;
			sourceTree = "<group>";
		};
		2FC07FED1C5507B900BED94C /* MemeUITests */ = {
			isa = PBXGroup;
			children = (
				2FC07FEE1C5507B900BED94C /* MemeUITests.swift */,
				2FC07FF01C5507B900BED94C /* Info.plist */,
			);
			path = MemeUITests;
			sourceTree = "<group>";
		};
		FEAC548A3197D37F70103FC2 /* Frameworks */ = {
			isa = PBXGroup;
			children = (
				974F63D6771D77464C62A743 /* Pods_Meme.framework */,
				21BF332D80BAE5D8EA505750 /* Pods_Meme_MemeUITests.framework */,
				BC1FDE0924DA9ACBED3403CD /* Pods_MemeTests.framework */,
			);
			name = Frameworks;
			sourceTree = "<group>";
		};
/* End PBXGroup section */

/* Begin PBXNativeTarget section */
		2FC07FC81C5507B800BED94C /* Meme */ = {
			isa = PBXNativeTarget;
			buildConfigurationList = 2FC07FF31C5507B900BED94C /* Build configuration list for PBXNativeTarget "Meme" */;
			buildPhases = (
				53D9647F6091F09628E48427 /* [CP] Check Pods Manifest.lock */,
				2FC07FC51C5507B800BED94C /* Sources */,
				2FC07FC61C5507B800BED94C /* Frameworks */,
				2FC07FC71C5507B800BED94C /* Resources */,
				3123FF7F07501EB6CB5AD0E1 /* [CP] Embed Pods Frameworks */,
			);
			buildRules = (
			);
			dependencies = (
			);
			name = Meme;
			productName = Meme;
			productReference = 2FC07FC91C5507B800BED94C /* Meme.app */;
			productType = "com.apple.product-type.application";
		};
		2FC07FDE1C5507B900BED94C /* MemeTests */ = {
			isa = PBXNativeTarget;
			buildConfigurationList = 2FC07FF61C5507B900BED94C /* Build configuration list for PBXNativeTarget "MemeTests" */;
			buildPhases = (
				3625384800A053FEAB590E01 /* [CP] Check Pods Manifest.lock */,
				2FC07FDB1C5507B900BED94C /* Sources */,
				2FC07FDC1C5507B900BED94C /* Frameworks */,
				2FC07FDD1C5507B900BED94C /* Resources */,
			);
			buildRules = (
			);
			dependencies = (
				2FC07FE11C5507B900BED94C /* PBXTargetDependency */,
			);
			name = MemeTests;
			productName = MemeTests;
			productReference = 2FC07FDF1C5507B900BED94C /* MemeTests.xctest */;
			productType = "com.apple.product-type.bundle.unit-test";
		};
		2FC07FE91C5507B900BED94C /* MemeUITests */ = {
			isa = PBXNativeTarget;
			buildConfigurationList = 2FC07FF91C5507B900BED94C /* Build configuration list for PBXNativeTarget "MemeUITests" */;
			buildPhases = (
				350D31894A2971CD99583EF8 /* [CP] Check Pods Manifest.lock */,
				2FC07FE61C5507B900BED94C /* Sources */,
				2FC07FE71C5507B900BED94C /* Frameworks */,
				2FC07FE81C5507B900BED94C /* Resources */,
				8334BE8940D832463B8BB009 /* [CP] Embed Pods Frameworks */,
			);
			buildRules = (
			);
			dependencies = (
				2FC07FEC1C5507B900BED94C /* PBXTargetDependency */,
			);
			name = MemeUITests;
			productName = MemeUITests;
			productReference = 2FC07FEA1C5507B900BED94C /* MemeUITests.xctest */;
			productType = "com.apple.product-type.bundle.ui-testing";
		};
/* End PBXNativeTarget section */

/* Begin PBXProject section */
		2FC07FC11C5507B800BED94C /* Project object */ = {
			isa = PBXProject;
			attributes = {
				LastSwiftUpdateCheck = 0720;
				LastUpgradeCheck = 0720;
				ORGANIZATIONNAME = oi7;
				TargetAttributes = {
					2FC07FC81C5507B800BED94C = {
						CreatedOnToolsVersion = 7.2;
						DevelopmentTeam = 82W93M4H92;
					};
					2FC07FDE1C5507B900BED94C = {
						CreatedOnToolsVersion = 7.2;
						TestTargetID = 2FC07FC81C5507B800BED94C;
					};
					2FC07FE91C5507B900BED94C = {
						CreatedOnToolsVersion = 7.2;
						TestTargetID = 2FC07FC81C5507B800BED94C;
					};
				};
			};
			buildConfigurationList = 2FC07FC41C5507B800BED94C /* Build configuration list for PBXProject "Meme" */;
			compatibilityVersion = "Xcode 3.2";
			developmentRegion = English;
			hasScannedForEncodings = 0;
			knownRegions = (
				English,
				en,
				Base,
			);
			mainGroup = 2FC07FC01C5507B800BED94C;
			productRefGroup = 2FC07FCA1C5507B800BED94C /* Products */;
			projectDirPath = "";
			projectRoot = "";
			targets = (
				2FC07FC81C5507B800BED94C /* Meme */,
				2FC07FDE1C5507B900BED94C /* MemeTests */,
				2FC07FE91C5507B900BED94C /* MemeUITests */,
			);
		};
/* End PBXProject section */

/* Begin PBXResourcesBuildPhase section */
		2FC07FC71C5507B800BED94C /* Resources */ = {
			isa = PBXResourcesBuildPhase;
			buildActionMask = 2147483647;
			files = (
				2FC07FD91C5507B900BED94C /* LaunchScreen.storyboard in Resources */,
				2FC07FD61C5507B900BED94C /* Assets.xcassets in Resources */,
				2FC07FD41C5507B800BED94C /* Main.storyboard in Resources */,
			);
			runOnlyForDeploymentPostprocessing = 0;
		};
		2FC07FDD1C5507B900BED94C /* Resources */ = {
			isa = PBXResourcesBuildPhase;
			buildActionMask = 2147483647;
			files = (
			);
			runOnlyForDeploymentPostprocessing = 0;
		};
		2FC07FE81C5507B900BED94C /* Resources */ = {
			isa = PBXResourcesBuildPhase;
			buildActionMask = 2147483647;
			files = (
			);
			runOnlyForDeploymentPostprocessing = 0;
		};
/* End PBXResourcesBuildPhase section */

/* Begin PBXShellScriptBuildPhase section */
		3123FF7F07501EB6CB5AD0E1 /* [CP] Embed Pods Frameworks */ = {
			isa = PBXShellScriptBuildPhase;
			buildActionMask = 2147483647;
			files = (
			);
			inputPaths = (
				"${PODS_ROOT}/Target Support Files/Pods-Meme/Pods-Meme-frameworks.sh",
				"${BUILT_PRODUCTS_DIR}/DeepDiff/DeepDiff.framework",
				"${BUILT_PRODUCTS_DIR}/PINCache/PINCache.framework",
				"${BUILT_PRODUCTS_DIR}/libwebp/libwebp.framework",
			);
			name = "[CP] Embed Pods Frameworks";
			outputPaths = (
				"${TARGET_BUILD_DIR}/${FRAMEWORKS_FOLDER_PATH}/DeepDiff.framework",
				"${TARGET_BUILD_DIR}/${FRAMEWORKS_FOLDER_PATH}/PINCache.framework",
				"${TARGET_BUILD_DIR}/${FRAMEWORKS_FOLDER_PATH}/libwebp.framework",
			);
			runOnlyForDeploymentPostprocessing = 0;
			shellPath = /bin/sh;
			shellScript = "\"${PODS_ROOT}/Target Support Files/Pods-Meme/Pods-Meme-frameworks.sh\"\n";
			showEnvVarsInLog = 0;
		};
		350D31894A2971CD99583EF8 /* [CP] Check Pods Manifest.lock */ = {
			isa = PBXShellScriptBuildPhase;
			buildActionMask = 2147483647;
			files = (
			);
			inputFileListPaths = (
			);
			inputPaths = (
				"${PODS_PODFILE_DIR_PATH}/Podfile.lock",
				"${PODS_ROOT}/Manifest.lock",
			);
			name = "[CP] Check Pods Manifest.lock";
			outputFileListPaths = (
			);
			outputPaths = (
				"$(DERIVED_FILE_DIR)/Pods-Meme-MemeUITests-checkManifestLockResult.txt",
			);
			runOnlyForDeploymentPostprocessing = 0;
			shellPath = /bin/sh;
			shellScript = "diff \"${PODS_PODFILE_DIR_PATH}/Podfile.lock\" \"${PODS_ROOT}/Manifest.lock\" > /dev/null\nif [ $? != 0 ] ; then\n    # print error to STDERR\n    echo \"error: The sandbox is not in sync with the Podfile.lock. Run 'pod install' or update your CocoaPods installation.\" >&2\n    exit 1\nfi\n# This output is used by Xcode 'outputs' to avoid re-running this script phase.\necho \"SUCCESS\" > \"${SCRIPT_OUTPUT_FILE_0}\"\n";
			showEnvVarsInLog = 0;
		};
		3625384800A053FEAB590E01 /* [CP] Check Pods Manifest.lock */ = {
			isa = PBXShellScriptBuildPhase;
			buildActionMask = 2147483647;
			files = (
			);
			inputFileListPaths = (
			);
			inputPaths = (
				"${PODS_PODFILE_DIR_PATH}/Podfile.lock",
				"${PODS_ROOT}/Manifest.lock",
			);
			name = "[CP] Check Pods Manifest.lock";
			outputFileListPaths = (
			);
			outputPaths = (
				"$(DERIVED_FILE_DIR)/Pods-MemeTests-checkManifestLockResult.txt",
			);
			runOnlyForDeploymentPostprocessing = 0;
			shellPath = /bin/sh;
			shellScript = "diff \"${PODS_PODFILE_DIR_PATH}/Podfile.lock\" \"${PODS_ROOT}/Manifest.lock\" > /dev/null\nif [ $? != 0 ] ; then\n    # print error to STDERR\n    echo \"error: The sandbox is not in sync with the Podfile.lock. Run 'pod install' or update your CocoaPods installation.\" >&2\n    exit 1\nfi\n# This output is used by Xcode 'outputs' to avoid re-running this script phase.\necho \"SUCCESS\" > \"${SCRIPT_OUTPUT_FILE_0}\"\n";
			showEnvVarsInLog = 0;
		};
		53D9647F6091F09628E48427 /* [CP] Check Pods Manifest.lock */ = {
			isa = PBXShellScriptBuildPhase;
			buildActionMask = 2147483647;
			files = (
			);
			inputFileListPaths = (
			);
			inputPaths = (
				"${PODS_PODFILE_DIR_PATH}/Podfile.lock",
				"${PODS_ROOT}/Manifest.lock",
			);
			name = "[CP] Check Pods Manifest.lock";
			outputFileListPaths = (
			);
			outputPaths = (
				"$(DERIVED_FILE_DIR)/Pods-Meme-checkManifestLockResult.txt",
			);
			runOnlyForDeploymentPostprocessing = 0;
			shellPath = /bin/sh;
			shellScript = "diff \"${PODS_PODFILE_DIR_PATH}/Podfile.lock\" \"${PODS_ROOT}/Manifest.lock\" > /dev/null\nif [ $? != 0 ] ; then\n    # print error to STDERR\n    echo \"error: The sandbox is not in sync with the Podfile.lock. Run 'pod install' or update your CocoaPods installation.\" >&2\n    exit 1\nfi\n# This output is used by Xcode 'outputs' to avoid re-running this script phase.\necho \"SUCCESS\" > \"${SCRIPT_OUTPUT_FILE_0}\"\n";
			showEnvVarsInLog = 0;
		};
		8334BE8940D832463B8BB009 /* [CP] Embed Pods Frameworks */ = {
			isa = PBXShellScriptBuildPhase;
			buildActionMask = 2147483647;
			files = (
			);
			inputPaths = (
				"${PODS_ROOT}/Target Support Files/Pods-Meme-MemeUITests/Pods-Meme-MemeUITests-frameworks.sh",
				"${BUILT_PRODUCTS_DIR}/DeepDiff/DeepDiff.framework",
				"${BUILT_PRODUCTS_DIR}/PINCache/PINCache.framework",
				"${BUILT_PRODUCTS_DIR}/libwebp/libwebp.framework",
			);
			name = "[CP] Embed Pods Frameworks";
			outputPaths = (
				"${TARGET_BUILD_DIR}/${FRAMEWORKS_FOLDER_PATH}/DeepDiff.framework",
				"${TARGET_BUILD_DIR}/${FRAMEWORKS_FOLDER_PATH}/PINCache.framework",
				"${TARGET_BUILD_DIR}/${FRAMEWORKS_FOLDER_PATH}/libwebp.framework",
			);
			runOnlyForDeploymentPostprocessing = 0;
			shellPath = /bin/sh;
			shellScript = "\"${PODS_ROOT}/Target Support Files/Pods-Meme-MemeUITests/Pods-Meme-MemeUITests-frameworks.sh\"\n";
			showEnvVarsInLog = 0;
		};
/* End PBXShellScriptBuildPhase section */

/* Begin PBXSourcesBuildPhase section */
		2FC07FC51C5507B800BED94C /* Sources */ = {
			isa = PBXSourcesBuildPhase;
			buildActionMask = 2147483647;
			files = (
				2FC080031C550B0F00BED94C /* MemeTableViewController.swift in Sources */,
				2FC07FCD1C5507B800BED94C /* AppDelegate.swift in Sources */,
				2FC080051C550D9500BED94C /* MemeCollectionViewCell.swift in Sources */,
				2F7C1D521C5BFEC500422E4D /* MemeManager.swift in Sources */,
				2F7C1D541C5C071600422E4D /* MemeCollectionViewController.swift in Sources */,
				2F7C1D4E1C5BFE2C00422E4D /* MemeTableViewCell.swift in Sources */,
				2F2F83CD1C5928C60033D79A /* Meme.swift in Sources */,
				2F2F83CF1C5929600033D79A /* MemeEditorViewController.swift in Sources */,
				2F7C1D501C5BFE8200422E4D /* MemeDetailViewController.swift in Sources */,
			);
			runOnlyForDeploymentPostprocessing = 0;
		};
		2FC07FDB1C5507B900BED94C /* Sources */ = {
			isa = PBXSourcesBuildPhase;
			buildActionMask = 2147483647;
			files = (
				2FC07FE41C5507B900BED94C /* MemeTests.swift in Sources */,
			);
			runOnlyForDeploymentPostprocessing = 0;
		};
		2FC07FE61C5507B900BED94C /* Sources */ = {
			isa = PBXSourcesBuildPhase;
			buildActionMask = 2147483647;
			files = (
				2FC07FEF1C5507B900BED94C /* MemeUITests.swift in Sources */,
			);
			runOnlyForDeploymentPostprocessing = 0;
		};
/* End PBXSourcesBuildPhase section */

/* Begin PBXTargetDependency section */
		2FC07FE11C5507B900BED94C /* PBXTargetDependency */ = {
			isa = PBXTargetDependency;
			target = 2FC07FC81C5507B800BED94C /* Meme */;
			targetProxy = 2FC07FE01C5507B900BED94C /* PBXContainerItemProxy */;
		};
		2FC07FEC1C5507B900BED94C /* PBXTargetDependency */ = {
			isa = PBXTargetDependency;
			target = 2FC07FC81C5507B800BED94C /* Meme */;
			targetProxy = 2FC07FEB1C5507B900BED94C /* PBXContainerItemProxy */;
		};
/* End PBXTargetDependency section */

/* Begin PBXVariantGroup section */
		2FC07FD21C5507B800BED94C /* Main.storyboard */ = {
			isa = PBXVariantGroup;
			children = (
				2FC07FD31C5507B800BED94C /* Base */,
			);
			name = Main.storyboard;
			sourceTree = "<group>";
		};
		2FC07FD71C5507B900BED94C /* LaunchScreen.storyboard */ = {
			isa = PBXVariantGroup;
			children = (
				2FC07FD81C5507B900BED94C /* Base */,
			);
			name = LaunchScreen.storyboard;
			sourceTree = "<group>";
		};
/* End PBXVariantGroup section */

/* Begin XCBuildConfiguration section */
		2FC07FF11C5507B900BED94C /* Debug */ = {
			isa = XCBuildConfiguration;
			buildSettings = {
				ALWAYS_SEARCH_USER_PATHS = NO;
				CLANG_CXX_LANGUAGE_STANDARD = "gnu++0x";
				CLANG_CXX_LIBRARY = "libc++";
				CLANG_ENABLE_MODULES = YES;
				CLANG_ENABLE_OBJC_ARC = YES;
				CLANG_WARN_BOOL_CONVERSION = YES;
				CLANG_WARN_CONSTANT_CONVERSION = YES;
				CLANG_WARN_DIRECT_OBJC_ISA_USAGE = YES_ERROR;
				CLANG_WARN_EMPTY_BODY = YES;
				CLANG_WARN_ENUM_CONVERSION = YES;
				CLANG_WARN_INT_CONVERSION = YES;
				CLANG_WARN_OBJC_ROOT_CLASS = YES_ERROR;
				CLANG_WARN_UNREACHABLE_CODE = YES;
				CLANG_WARN__DUPLICATE_METHOD_MATCH = YES;
				"CODE_SIGN_IDENTITY[sdk=iphoneos*]" = "iPhone Developer";
				COPY_PHASE_STRIP = NO;
				DEBUG_INFORMATION_FORMAT = dwarf;
				ENABLE_STRICT_OBJC_MSGSEND = YES;
				ENABLE_TESTABILITY = YES;
				GCC_C_LANGUAGE_STANDARD = gnu99;
				GCC_DYNAMIC_NO_PIC = NO;
				GCC_NO_COMMON_BLOCKS = YES;
				GCC_OPTIMIZATION_LEVEL = 0;
				GCC_PREPROCESSOR_DEFINITIONS = (
					"DEBUG=1",
					"$(inherited)",
				);
				GCC_WARN_64_TO_32_BIT_CONVERSION = YES;
				GCC_WARN_ABOUT_RETURN_TYPE = YES_ERROR;
				GCC_WARN_UNDECLARED_SELECTOR = YES;
				GCC_WARN_UNINITIALIZED_AUTOS = YES_AGGRESSIVE;
				GCC_WARN_UNUSED_FUNCTION = YES;
				GCC_WARN_UNUSED_VARIABLE = YES;
				IPHONEOS_DEPLOYMENT_TARGET = 9.2;
				MTL_ENABLE_DEBUG_INFO = YES;
				ONLY_ACTIVE_ARCH = YES;
				SDKROOT = iphoneos;
				SWIFT_OPTIMIZATION_LEVEL = "-Onone";
				TARGETED_DEVICE_FAMILY = "1,2";
			};
			name = Debug;
		};
		2FC07FF21C5507B900BED94C /* Release */ = {
			isa = XCBuildConfiguration;
			buildSettings = {
				ALWAYS_SEARCH_USER_PATHS = NO;
				CLANG_CXX_LANGUAGE_STANDARD = "gnu++0x";
				CLANG_CXX_LIBRARY = "libc++";
				CLANG_ENABLE_MODULES = YES;
				CLANG_ENABLE_OBJC_ARC = YES;
				CLANG_WARN_BOOL_CONVERSION = YES;
				CLANG_WARN_CONSTANT_CONVERSION = YES;
				CLANG_WARN_DIRECT_OBJC_ISA_USAGE = YES_ERROR;
				CLANG_WARN_EMPTY_BODY = YES;
				CLANG_WARN_ENUM_CONVERSION = YES;
				CLANG_WARN_INT_CONVERSION = YES;
				CLANG_WARN_OBJC_ROOT_CLASS = YES_ERROR;
				CLANG_WARN_UNREACHABLE_CODE = YES;
				CLANG_WARN__DUPLICATE_METHOD_MATCH = YES;
				"CODE_SIGN_IDENTITY[sdk=iphoneos*]" = "iPhone Developer";
				COPY_PHASE_STRIP = NO;
				DEBUG_INFORMATION_FORMAT = "dwarf-with-dsym";
				ENABLE_NS_ASSERTIONS = NO;
				ENABLE_STRICT_OBJC_MSGSEND = YES;
				GCC_C_LANGUAGE_STANDARD = gnu99;
				GCC_NO_COMMON_BLOCKS = YES;
				GCC_WARN_64_TO_32_BIT_CONVERSION = YES;
				GCC_WARN_ABOUT_RETURN_TYPE = YES_ERROR;
				GCC_WARN_UNDECLARED_SELECTOR = YES;
				GCC_WARN_UNINITIALIZED_AUTOS = YES_AGGRESSIVE;
				GCC_WARN_UNUSED_FUNCTION = YES;
				GCC_WARN_UNUSED_VARIABLE = YES;
				IPHONEOS_DEPLOYMENT_TARGET = 9.2;
				MTL_ENABLE_DEBUG_INFO = NO;
				SDKROOT = iphoneos;
				TARGETED_DEVICE_FAMILY = "1,2";
				VALIDATE_PRODUCT = YES;
			};
			name = Release;
		};
		2FC07FF41C5507B900BED94C /* Debug */ = {
			isa = XCBuildConfiguration;
			baseConfigurationReference = C6B04949804304E84EF6A406 /* Pods-Meme.debug.xcconfig */;
			buildSettings = {
				ASSETCATALOG_COMPILER_APPICON_NAME = AppIcon;
				DEVELOPMENT_TEAM = 82W93M4H92;
				INFOPLIST_FILE = Meme/Info.plist;
				IPHONEOS_DEPLOYMENT_TARGET = 10.0;
				LD_RUNPATH_SEARCH_PATHS = "$(inherited) @executable_path/Frameworks";
				PRODUCT_BUNDLE_IDENTIFIER = com.oi7.Meme;
				PRODUCT_NAME = "$(TARGET_NAME)";
				SWIFT_VERSION = 4.0;
			};
			name = Debug;
		};
		2FC07FF51C5507B900BED94C /* Release */ = {
			isa = XCBuildConfiguration;
			baseConfigurationReference = 5B3939842C0F1DD499222F5F /* Pods-Meme.release.xcconfig */;
			buildSettings = {
				ASSETCATALOG_COMPILER_APPICON_NAME = AppIcon;
				DEVELOPMENT_TEAM = 82W93M4H92;
				INFOPLIST_FILE = Meme/Info.plist;
				IPHONEOS_DEPLOYMENT_TARGET = 10.0;
				LD_RUNPATH_SEARCH_PATHS = "$(inherited) @executable_path/Frameworks";
				PRODUCT_BUNDLE_IDENTIFIER = com.oi7.Meme;
				PRODUCT_NAME = "$(TARGET_NAME)";
				SWIFT_VERSION = 4.0;
			};
			name = Release;
		};
		2FC07FF71C5507B900BED94C /* Debug */ = {
			isa = XCBuildConfiguration;
			baseConfigurationReference = 3C6D92A5F45E077AC35E8C41 /* Pods-MemeTests.debug.xcconfig */;
			buildSettings = {
				BUNDLE_LOADER = "$(TEST_HOST)";
				INFOPLIST_FILE = MemeTests/Info.plist;
				LD_RUNPATH_SEARCH_PATHS = "$(inherited) @executable_path/Frameworks @loader_path/Frameworks";
				PRODUCT_BUNDLE_IDENTIFIER = com.oi7.MemeTests;
				PRODUCT_NAME = "$(TARGET_NAME)";
				TEST_HOST = "$(BUILT_PRODUCTS_DIR)/Meme.app/Meme";
			};
			name = Debug;
		};
		2FC07FF81C5507B900BED94C /* Release */ = {
			isa = XCBuildConfiguration;
			baseConfigurationReference = 56877E1E3B36A66ADECCA554 /* Pods-MemeTests.release.xcconfig */;
			buildSettings = {
				BUNDLE_LOADER = "$(TEST_HOST)";
				INFOPLIST_FILE = MemeTests/Info.plist;
				LD_RUNPATH_SEARCH_PATHS = "$(inherited) @executable_path/Frameworks @loader_path/Frameworks";
				PRODUCT_BUNDLE_IDENTIFIER = com.oi7.MemeTests;
				PRODUCT_NAME = "$(TARGET_NAME)";
				TEST_HOST = "$(BUILT_PRODUCTS_DIR)/Meme.app/Meme";
			};
			name = Release;
		};
		2FC07FFA1C5507B900BED94C /* Debug */ = {
			isa = XCBuildConfiguration;
			baseConfigurationReference = 44EA4601B7FC51B857E589A5 /* Pods-Meme-MemeUITests.debug.xcconfig */;
			buildSettings = {
				INFOPLIST_FILE = MemeUITests/Info.plist;
				LD_RUNPATH_SEARCH_PATHS = "$(inherited) @executable_path/Frameworks @loader_path/Frameworks";
				PRODUCT_BUNDLE_IDENTIFIER = com.oi7.MemeUITests;
				PRODUCT_NAME = "$(TARGET_NAME)";
				TEST_TARGET_NAME = Meme;
				USES_XCTRUNNER = YES;
			};
			name = Debug;
		};
		2FC07FFB1C5507B900BED94C /* Release */ = {
			isa = XCBuildConfiguration;
			baseConfigurationReference = 58791112526F65340421F4AE /* Pods-Meme-MemeUITests.release.xcconfig */;
			buildSettings = {
				INFOPLIST_FILE = MemeUITests/Info.plist;
				LD_RUNPATH_SEARCH_PATHS = "$(inherited) @executable_path/Frameworks @loader_path/Frameworks";
				PRODUCT_BUNDLE_IDENTIFIER = com.oi7.MemeUITests;
				PRODUCT_NAME = "$(TARGET_NAME)";
				TEST_TARGET_NAME = Meme;
				USES_XCTRUNNER = YES;
			};
			name = Release;
		};
/* End XCBuildConfiguration section */

/* Begin XCConfigurationList section */
		2FC07FC41C5507B800BED94C /* Build configuration list for PBXProject "Meme" */ = {
			isa = XCConfigurationList;
			buildConfigurations = (
				2FC07FF11C5507B900BED94C /* Debug */,
				2FC07FF21C5507B900BED94C /* Release */,
			);
			defaultConfigurationIsVisible = 0;
			defaultConfigurationName = Release;
		};
		2FC07FF31C5507B900BED94C /* Build configuration list for PBXNativeTarget "Meme" */ = {
			isa = XCConfigurationList;
			buildConfigurations = (
				2FC07FF41C5507B900BED94C /* Debug */,
				2FC07FF51C5507B900BED94C /* Release */,
			);
			defaultConfigurationIsVisible = 0;
			defaultConfigurationName = Release;
		};
		2FC07FF61C5507B900BED94C /* Build configuration list for PBXNativeTarget "MemeTests" */ = {
			isa = XCConfigurationList;
			buildConfigurations = (
				2FC07FF71C5507B900BED94C /* Debug */,
				2FC07FF81C5507B900BED94C /* Release */,
			);
			defaultConfigurationIsVisible = 0;
			defaultConfigurationName = Release;
		};
		2FC07FF91C5507B900BED94C /* Build configuration list for PBXNativeTarget "MemeUITests" */ = {
			isa = XCConfigurationList;
			buildConfigurations = (
				2FC07FFA1C5507B900BED94C /* Debug */,
				2FC07FFB1C5507B900BED94C /* Release */,
			);
			defaultConfigurationIsVisible = 0;
			defaultConfigurationName = Release;
		};
/* End XCConfigurationList section */
	};
	rootObject = 2FC07FC11C5507B800BED94C /* Project object */;
}
